// !$*UTF8*$!
{
	archiveVersion = 1;
	classes = {
	};
	objectVersion = 46;
	objects = {

/* Begin PBXBuildFile section */
		1FC81A7E1CA3CDC800F1E82C /* main.m in Sources */ = {isa = PBXBuildFile; fileRef = 1FC81A7D1CA3CDC800F1E82C /* main.m */; };
		1FC81A811CA3CDC800F1E82C /* AppDelegate.m in Sources */ = {isa = PBXBuildFile; fileRef = 1FC81A801CA3CDC800F1E82C /* AppDelegate.m */; };
		1FC81A841CA3CDC800F1E82C /* ViewController.m in Sources */ = {isa = PBXBuildFile; fileRef = 1FC81A831CA3CDC800F1E82C /* ViewController.m */; };
		1FC81A871CA3CDC800F1E82C /* Main.storyboard in Resources */ = {isa = PBXBuildFile; fileRef = 1FC81A851CA3CDC800F1E82C /* Main.storyboard */; };
		1FC81A891CA3CDC800F1E82C /* Assets.xcassets in Resources */ = {isa = PBXBuildFile; fileRef = 1FC81A881CA3CDC800F1E82C /* Assets.xcassets */; };
		1FC81A8C1CA3CDC800F1E82C /* LaunchScreen.storyboard in Resources */ = {isa = PBXBuildFile; fileRef = 1FC81A8A1CA3CDC800F1E82C /* LaunchScreen.storyboard */; };
		1FC81A971CA3CDC800F1E82C /* JYScrollBannerTextTests.m in Sources */ = {isa = PBXBuildFile; fileRef = 1FC81A961CA3CDC800F1E82C /* JYScrollBannerTextTests.m */; };
		1FC81AA21CA3CDC800F1E82C /* JYScrollBannerTextUITests.m in Sources */ = {isa = PBXBuildFile; fileRef = 1FC81AA11CA3CDC800F1E82C /* JYScrollBannerTextUITests.m */; };
		1FC81ABE1CA3CEA800F1E82C /* placeholderImage.jpg in Resources */ = {isa = PBXBuildFile; fileRef = 1FC81AB91CA3CEA800F1E82C /* placeholderImage.jpg */; };
		1FC81AE11CA3D5E500F1E82C /* MKAnnotationView+WebCache.m in Sources */ = {isa = PBXBuildFile; fileRef = 1FC81AC11CA3D5E500F1E82C /* MKAnnotationView+WebCache.m */; };
		1FC81AE21CA3D5E500F1E82C /* NSData+ImageContentType.m in Sources */ = {isa = PBXBuildFile; fileRef = 1FC81AC31CA3D5E500F1E82C /* NSData+ImageContentType.m */; };
		1FC81AE31CA3D5E500F1E82C /* SDImageCache.m in Sources */ = {isa = PBXBuildFile; fileRef = 1FC81AC51CA3D5E500F1E82C /* SDImageCache.m */; };
		1FC81AE41CA3D5E500F1E82C /* SDWebImageCompat.m in Sources */ = {isa = PBXBuildFile; fileRef = 1FC81AC71CA3D5E500F1E82C /* SDWebImageCompat.m */; };
		1FC81AE51CA3D5E500F1E82C /* SDWebImageDecoder.m in Sources */ = {isa = PBXBuildFile; fileRef = 1FC81AC91CA3D5E500F1E82C /* SDWebImageDecoder.m */; };
		1FC81AE61CA3D5E500F1E82C /* SDWebImageDownloader.m in Sources */ = {isa = PBXBuildFile; fileRef = 1FC81ACB1CA3D5E500F1E82C /* SDWebImageDownloader.m */; };
		1FC81AE71CA3D5E500F1E82C /* SDWebImageDownloaderOperation.m in Sources */ = {isa = PBXBuildFile; fileRef = 1FC81ACD1CA3D5E500F1E82C /* SDWebImageDownloaderOperation.m */; };
		1FC81AE81CA3D5E500F1E82C /* SDWebImageManager.m in Sources */ = {isa = PBXBuildFile; fileRef = 1FC81ACF1CA3D5E500F1E82C /* SDWebImageManager.m */; };
		1FC81AE91CA3D5E500F1E82C /* SDWebImagePrefetcher.m in Sources */ = {isa = PBXBuildFile; fileRef = 1FC81AD21CA3D5E500F1E82C /* SDWebImagePrefetcher.m */; };
		1FC81AEA1CA3D5E500F1E82C /* UIButton+WebCache.m in Sources */ = {isa = PBXBuildFile; fileRef = 1FC81AD41CA3D5E500F1E82C /* UIButton+WebCache.m */; };
		1FC81AEB1CA3D5E500F1E82C /* UIImage+GIF.m in Sources */ = {isa = PBXBuildFile; fileRef = 1FC81AD61CA3D5E500F1E82C /* UIImage+GIF.m */; };
		1FC81AEC1CA3D5E500F1E82C /* UIImage+MultiFormat.m in Sources */ = {isa = PBXBuildFile; fileRef = 1FC81AD81CA3D5E500F1E82C /* UIImage+MultiFormat.m */; };
		1FC81AED1CA3D5E500F1E82C /* UIImage+WebP.m in Sources */ = {isa = PBXBuildFile; fileRef = 1FC81ADA1CA3D5E500F1E82C /* UIImage+WebP.m */; };
		1FC81AEE1CA3D5E500F1E82C /* UIImageView+HighlightedWebCache.m in Sources */ = {isa = PBXBuildFile; fileRef = 1FC81ADC1CA3D5E500F1E82C /* UIImageView+HighlightedWebCache.m */; };
		1FC81AEF1CA3D5E500F1E82C /* UIImageView+WebCache.m in Sources */ = {isa = PBXBuildFile; fileRef = 1FC81ADE1CA3D5E500F1E82C /* UIImageView+WebCache.m */; };
		1FC81AF01CA3D5E500F1E82C /* UIView+WebCacheOperation.m in Sources */ = {isa = PBXBuildFile; fileRef = 1FC81AE01CA3D5E500F1E82C /* UIView+WebCacheOperation.m */; };
		1FC81AF31CA3ED5D00F1E82C /* JYScrollView.m in Sources */ = {isa = PBXBuildFile; fileRef = 1FC81AF21CA3ED5D00F1E82C /* JYScrollView.m */; };
		1FC81AF91CA3EDBE00F1E82C /* JYScrollItemModel.m in Sources */ = {isa = PBXBuildFile; fileRef = 1FC81AF81CA3EDBE00F1E82C /* JYScrollItemModel.m */; };
		1FC81AFF1CA3EED300F1E82C /* JYScrollItem.m in Sources */ = {isa = PBXBuildFile; fileRef = 1FC81AFE1CA3EED300F1E82C /* JYScrollItem.m */; };
/* End PBXBuildFile section */

/* Begin PBXContainerItemProxy section */
		1FC81A931CA3CDC800F1E82C /* PBXContainerItemProxy */ = {
			isa = PBXContainerItemProxy;
			containerPortal = 1FC81A711CA3CDC800F1E82C /* Project object */;
			proxyType = 1;
			remoteGlobalIDString = 1FC81A781CA3CDC800F1E82C;
			remoteInfo = JYScrollBannerText;
		};
		1FC81A9E1CA3CDC800F1E82C /* PBXContainerItemProxy */ = {
			isa = PBXContainerItemProxy;
			containerPortal = 1FC81A711CA3CDC800F1E82C /* Project object */;
			proxyType = 1;
			remoteGlobalIDString = 1FC81A781CA3CDC800F1E82C;
			remoteInfo = JYScrollBannerText;
		};
/* End PBXContainerItemProxy section */

/* Begin PBXFileReference section */
		1FC81A791CA3CDC800F1E82C /* JYScrollBannerText.app */ = {isa = PBXFileReference; explicitFileType = wrapper.application; includeInIndex = 0; path = JYScrollBannerText.app; sourceTree = BUILT_PRODUCTS_DIR; };
		1FC81A7D1CA3CDC800F1E82C /* main.m */ = {isa = PBXFileReference; lastKnownFileType = sourcecode.c.objc; path = main.m; sourceTree = "<group>"; };
		1FC81A7F1CA3CDC800F1E82C /* AppDelegate.h */ = {isa = PBXFileReference; lastKnownFileType = sourcecode.c.h; path = AppDelegate.h; sourceTree = "<group>"; };
		1FC81A801CA3CDC800F1E82C /* AppDelegate.m */ = {isa = PBXFileReference; lastKnownFileType = sourcecode.c.objc; path = AppDelegate.m; sourceTree = "<group>"; };
		1FC81A821CA3CDC800F1E82C /* ViewController.h */ = {isa = PBXFileReference; lastKnownFileType = sourcecode.c.h; path = ViewController.h; sourceTree = "<group>"; };
		1FC81A831CA3CDC800F1E82C /* ViewController.m */ = {isa = PBXFileReference; lastKnownFileType = sourcecode.c.objc; path = ViewController.m; sourceTree = "<group>"; };
		1FC81A861CA3CDC800F1E82C /* Base */ = {isa = PBXFileReference; lastKnownFileType = file.storyboard; name = Base; path = Base.lproj/Main.storyboard; sourceTree = "<group>"; };
		1FC81A881CA3CDC800F1E82C /* Assets.xcassets */ = {isa = PBXFileReference; lastKnownFileType = folder.assetcatalog; path = Assets.xcassets; sourceTree = "<group>"; };
		1FC81A8B1CA3CDC800F1E82C /* Base */ = {isa = PBXFileReference; lastKnownFileType = file.storyboard; name = Base; path = Base.lproj/LaunchScreen.storyboard; sourceTree = "<group>"; };
		1FC81A8D1CA3CDC800F1E82C /* Info.plist */ = {isa = PBXFileReference; lastKnownFileType = text.plist.xml; path = Info.plist; sourceTree = "<group>"; };
		1FC81A921CA3CDC800F1E82C /* JYScrollBannerTextTests.xctest */ = {isa = PBXFileReference; explicitFileType = wrapper.cfbundle; includeInIndex = 0; path = JYScrollBannerTextTests.xctest; sourceTree = BUILT_PRODUCTS_DIR; };
		1FC81A961CA3CDC800F1E82C /* JYScrollBannerTextTests.m */ = {isa = PBXFileReference; lastKnownFileType = sourcecode.c.objc; path = JYScrollBannerTextTests.m; sourceTree = "<group>"; };
		1FC81A981CA3CDC800F1E82C /* Info.plist */ = {isa = PBXFileReference; lastKnownFileType = text.plist.xml; path = Info.plist; sourceTree = "<group>"; };
		1FC81A9D1CA3CDC800F1E82C /* JYScrollBannerTextUITests.xctest */ = {isa = PBXFileReference; explicitFileType = wrapper.cfbundle; includeInIndex = 0; path = JYScrollBannerTextUITests.xctest; sourceTree = BUILT_PRODUCTS_DIR; };
		1FC81AA11CA3CDC800F1E82C /* JYScrollBannerTextUITests.m */ = {isa = PBXFileReference; lastKnownFileType = sourcecode.c.objc; path = JYScrollBannerTextUITests.m; sourceTree = "<group>"; };
		1FC81AA31CA3CDC800F1E82C /* Info.plist */ = {isa = PBXFileReference; lastKnownFileType = text.plist.xml; path = Info.plist; sourceTree = "<group>"; };
		1FC81AB91CA3CEA800F1E82C /* placeholderImage.jpg */ = {isa = PBXFileReference; lastKnownFileType = image.jpeg; name = placeholderImage.jpg; path = ../HJ/HJScrollBanner/placeholderImage.jpg; sourceTree = "<group>"; };
		1FC81AC01CA3D5E500F1E82C /* MKAnnotationView+WebCache.h */ = {isa = PBXFileReference; fileEncoding = 4; lastKnownFileType = sourcecode.c.h; path = "MKAnnotationView+WebCache.h"; sourceTree = "<group>"; };
		1FC81AC11CA3D5E500F1E82C /* MKAnnotationView+WebCache.m */ = {isa = PBXFileReference; fileEncoding = 4; lastKnownFileType = sourcecode.c.objc; path = "MKAnnotationView+WebCache.m"; sourceTree = "<group>"; };
		1FC81AC21CA3D5E500F1E82C /* NSData+ImageContentType.h */ = {isa = PBXFileReference; fileEncoding = 4; lastKnownFileType = sourcecode.c.h; path = "NSData+ImageContentType.h"; sourceTree = "<group>"; };
		1FC81AC31CA3D5E500F1E82C /* NSData+ImageContentType.m */ = {isa = PBXFileReference; fileEncoding = 4; lastKnownFileType = sourcecode.c.objc; path = "NSData+ImageContentType.m"; sourceTree = "<group>"; };
		1FC81AC41CA3D5E500F1E82C /* SDImageCache.h */ = {isa = PBXFileReference; fileEncoding = 4; lastKnownFileType = sourcecode.c.h; path = SDImageCache.h; sourceTree = "<group>"; };
		1FC81AC51CA3D5E500F1E82C /* SDImageCache.m */ = {isa = PBXFileReference; fileEncoding = 4; lastKnownFileType = sourcecode.c.objc; path = SDImageCache.m; sourceTree = "<group>"; };
		1FC81AC61CA3D5E500F1E82C /* SDWebImageCompat.h */ = {isa = PBXFileReference; fileEncoding = 4; lastKnownFileType = sourcecode.c.h; path = SDWebImageCompat.h; sourceTree = "<group>"; };
		1FC81AC71CA3D5E500F1E82C /* SDWebImageCompat.m */ = {isa = PBXFileReference; fileEncoding = 4; lastKnownFileType = sourcecode.c.objc; path = SDWebImageCompat.m; sourceTree = "<group>"; };
		1FC81AC81CA3D5E500F1E82C /* SDWebImageDecoder.h */ = {isa = PBXFileReference; fileEncoding = 4; lastKnownFileType = sourcecode.c.h; path = SDWebImageDecoder.h; sourceTree = "<group>"; };
		1FC81AC91CA3D5E500F1E82C /* SDWebImageDecoder.m */ = {isa = PBXFileReference; fileEncoding = 4; lastKnownFileType = sourcecode.c.objc; path = SDWebImageDecoder.m; sourceTree = "<group>"; };
		1FC81ACA1CA3D5E500F1E82C /* SDWebImageDownloader.h */ = {isa = PBXFileReference; fileEncoding = 4; lastKnownFileType = sourcecode.c.h; path = SDWebImageDownloader.h; sourceTree = "<group>"; };
		1FC81ACB1CA3D5E500F1E82C /* SDWebImageDownloader.m */ = {isa = PBXFileReference; fileEncoding = 4; lastKnownFileType = sourcecode.c.objc; path = SDWebImageDownloader.m; sourceTree = "<group>"; };
		1FC81ACC1CA3D5E500F1E82C /* SDWebImageDownloaderOperation.h */ = {isa = PBXFileReference; fileEncoding = 4; lastKnownFileType = sourcecode.c.h; path = SDWebImageDownloaderOperation.h; sourceTree = "<group>"; };
		1FC81ACD1CA3D5E500F1E82C /* SDWebImageDownloaderOperation.m */ = {isa = PBXFileReference; fileEncoding = 4; lastKnownFileType = sourcecode.c.objc; path = SDWebImageDownloaderOperation.m; sourceTree = "<group>"; };
		1FC81ACE1CA3D5E500F1E82C /* SDWebImageManager.h */ = {isa = PBXFileReference; fileEncoding = 4; lastKnownFileType = sourcecode.c.h; path = SDWebImageManager.h; sourceTree = "<group>"; };
		1FC81ACF1CA3D5E500F1E82C /* SDWebImageManager.m */ = {isa = PBXFileReference; fileEncoding = 4; lastKnownFileType = sourcecode.c.objc; path = SDWebImageManager.m; sourceTree = "<group>"; };
		1FC81AD01CA3D5E500F1E82C /* SDWebImageOperation.h */ = {isa = PBXFileReference; fileEncoding = 4; lastKnownFileType = sourcecode.c.h; path = SDWebImageOperation.h; sourceTree = "<group>"; };
		1FC81AD11CA3D5E500F1E82C /* SDWebImagePrefetcher.h */ = {isa = PBXFileReference; fileEncoding = 4; lastKnownFileType = sourcecode.c.h; path = SDWebImagePrefetcher.h; sourceTree = "<group>"; };
		1FC81AD21CA3D5E500F1E82C /* SDWebImagePrefetcher.m */ = {isa = PBXFileReference; fileEncoding = 4; lastKnownFileType = sourcecode.c.objc; path = SDWebImagePrefetcher.m; sourceTree = "<group>"; };
		1FC81AD31CA3D5E500F1E82C /* UIButton+WebCache.h */ = {isa = PBXFileReference; fileEncoding = 4; lastKnownFileType = sourcecode.c.h; path = "UIButton+WebCache.h"; sourceTree = "<group>"; };
		1FC81AD41CA3D5E500F1E82C /* UIButton+WebCache.m */ = {isa = PBXFileReference; fileEncoding = 4; lastKnownFileType = sourcecode.c.objc; path = "UIButton+WebCache.m"; sourceTree = "<group>"; };
		1FC81AD51CA3D5E500F1E82C /* UIImage+GIF.h */ = {isa = PBXFileReference; fileEncoding = 4; lastKnownFileType = sourcecode.c.h; path = "UIImage+GIF.h"; sourceTree = "<group>"; };
		1FC81AD61CA3D5E500F1E82C /* UIImage+GIF.m */ = {isa = PBXFileReference; fileEncoding = 4; lastKnownFileType = sourcecode.c.objc; path = "UIImage+GIF.m"; sourceTree = "<group>"; };
		1FC81AD71CA3D5E500F1E82C /* UIImage+MultiFormat.h */ = {isa = PBXFileReference; fileEncoding = 4; lastKnownFileType = sourcecode.c.h; path = "UIImage+MultiFormat.h"; sourceTree = "<group>"; };
		1FC81AD81CA3D5E500F1E82C /* UIImage+MultiFormat.m */ = {isa = PBXFileReference; fileEncoding = 4; lastKnownFileType = sourcecode.c.objc; path = "UIImage+MultiFormat.m"; sourceTree = "<group>"; };
		1FC81AD91CA3D5E500F1E82C /* UIImage+WebP.h */ = {isa = PBXFileReference; fileEncoding = 4; lastKnownFileType = sourcecode.c.h; path = "UIImage+WebP.h"; sourceTree = "<group>"; };
		1FC81ADA1CA3D5E500F1E82C /* UIImage+WebP.m */ = {isa = PBXFileReference; fileEncoding = 4; lastKnownFileType = sourcecode.c.objc; path = "UIImage+WebP.m"; sourceTree = "<group>"; };
		1FC81ADB1CA3D5E500F1E82C /* UIImageView+HighlightedWebCache.h */ = {isa = PBXFileReference; fileEncoding = 4; lastKnownFileType = sourcecode.c.h; path = "UIImageView+HighlightedWebCache.h"; sourceTree = "<group>"; };
		1FC81ADC1CA3D5E500F1E82C /* UIImageView+HighlightedWebCache.m */ = {isa = PBXFileReference; fileEncoding = 4; lastKnownFileType = sourcecode.c.objc; path = "UIImageView+HighlightedWebCache.m"; sourceTree = "<group>"; };
		1FC81ADD1CA3D5E500F1E82C /* UIImageView+WebCache.h */ = {isa = PBXFileReference; fileEncoding = 4; lastKnownFileType = sourcecode.c.h; path = "UIImageView+WebCache.h"; sourceTree = "<group>"; };
		1FC81ADE1CA3D5E500F1E82C /* UIImageView+WebCache.m */ = {isa = PBXFileReference; fileEncoding = 4; lastKnownFileType = sourcecode.c.objc; path = "UIImageView+WebCache.m"; sourceTree = "<group>"; };
		1FC81ADF1CA3D5E500F1E82C /* UIView+WebCacheOperation.h */ = {isa = PBXFileReference; fileEncoding = 4; lastKnownFileType = sourcecode.c.h; path = "UIView+WebCacheOperation.h"; sourceTree = "<group>"; };
		1FC81AE01CA3D5E500F1E82C /* UIView+WebCacheOperation.m */ = {isa = PBXFileReference; fileEncoding = 4; lastKnownFileType = sourcecode.c.objc; path = "UIView+WebCacheOperation.m"; sourceTree = "<group>"; };
		1FC81AF11CA3ED5D00F1E82C /* JYScrollView.h */ = {isa = PBXFileReference; fileEncoding = 4; lastKnownFileType = sourcecode.c.h; path = JYScrollView.h; sourceTree = "<group>"; };
		1FC81AF21CA3ED5D00F1E82C /* JYScrollView.m */ = {isa = PBXFileReference; fileEncoding = 4; lastKnownFileType = sourcecode.c.objc; path = JYScrollView.m; sourceTree = "<group>"; };
		1FC81AF71CA3EDBE00F1E82C /* JYScrollItemModel.h */ = {isa = PBXFileReference; fileEncoding = 4; lastKnownFileType = sourcecode.c.h; path = JYScrollItemModel.h; sourceTree = "<group>"; };
		1FC81AF81CA3EDBE00F1E82C /* JYScrollItemModel.m */ = {isa = PBXFileReference; fileEncoding = 4; lastKnownFileType = sourcecode.c.objc; path = JYScrollItemModel.m; sourceTree = "<group>"; };
		1FC81AFD1CA3EED300F1E82C /* JYScrollItem.h */ = {isa = PBXFileReference; fileEncoding = 4; lastKnownFileType = sourcecode.c.h; path = JYScrollItem.h; sourceTree = "<group>"; };
		1FC81AFE1CA3EED300F1E82C /* JYScrollItem.m */ = {isa = PBXFileReference; fileEncoding = 4; lastKnownFileType = sourcecode.c.objc; path = JYScrollItem.m; sourceTree = "<group>"; };
/* End PBXFileReference section */

/* Begin PBXFrameworksBuildPhase section */
		1FC81A761CA3CDC800F1E82C /* Frameworks */ = {
			isa = PBXFrameworksBuildPhase;
			buildActionMask = 2147483647;
			files = (
			);
			runOnlyForDeploymentPostprocessing = 0;
		};
		1FC81A8F1CA3CDC800F1E82C /* Frameworks */ = {
			isa = PBXFrameworksBuildPhase;
			buildActionMask = 2147483647;
			files = (
			);
			runOnlyForDeploymentPostprocessing = 0;
		};
		1FC81A9A1CA3CDC800F1E82C /* Frameworks */ = {
			isa = PBXFrameworksBuildPhase;
			buildActionMask = 2147483647;
			files = (
			);
			runOnlyForDeploymentPostprocessing = 0;
		};
/* End PBXFrameworksBuildPhase section */

/* Begin PBXGroup section */
		1FC81A701CA3CDC800F1E82C = {
			isa = PBXGroup;
			children = (
				1FC81A7B1CA3CDC800F1E82C /* JYScrollBannerText */,
				1FC81A951CA3CDC800F1E82C /* JYScrollBannerTextTests */,
				1FC81AA01CA3CDC800F1E82C /* JYScrollBannerTextUITests */,
				1FC81A7A1CA3CDC800F1E82C /* Products */,
			);
			sourceTree = "<group>";
		};
		1FC81A7A1CA3CDC800F1E82C /* Products */ = {
			isa = PBXGroup;
			children = (
				1FC81A791CA3CDC800F1E82C /* JYScrollBannerText.app */,
				1FC81A921CA3CDC800F1E82C /* JYScrollBannerTextTests.xctest */,
				1FC81A9D1CA3CDC800F1E82C /* JYScrollBannerTextUITests.xctest */,
			);
			name = Products;
			sourceTree = "<group>";
		};
		1FC81A7B1CA3CDC800F1E82C /* JYScrollBannerText */ = {
			isa = PBXGroup;
			children = (
				1FC81ABF1CA3D5E500F1E82C /* SDWebImage */,
				1FC81AAF1CA3CE0800F1E82C /* JYScrollBanner */,
				1FC81A7F1CA3CDC800F1E82C /* AppDelegate.h */,
				1FC81A801CA3CDC800F1E82C /* AppDelegate.m */,
				1FC81A821CA3CDC800F1E82C /* ViewController.h */,
				1FC81A831CA3CDC800F1E82C /* ViewController.m */,
				1FC81A851CA3CDC800F1E82C /* Main.storyboard */,
				1FC81A881CA3CDC800F1E82C /* Assets.xcassets */,
				1FC81A8A1CA3CDC800F1E82C /* LaunchScreen.storyboard */,
				1FC81A8D1CA3CDC800F1E82C /* Info.plist */,
				1FC81A7C1CA3CDC800F1E82C /* Supporting Files */,
			);
			path = JYScrollBannerText;
			sourceTree = "<group>";
		};
		1FC81A7C1CA3CDC800F1E82C /* Supporting Files */ = {
			isa = PBXGroup;
			children = (
				1FC81A7D1CA3CDC800F1E82C /* main.m */,
			);
			name = "Supporting Files";
			sourceTree = "<group>";
		};
		1FC81A951CA3CDC800F1E82C /* JYScrollBannerTextTests */ = {
			isa = PBXGroup;
			children = (
				1FC81A961CA3CDC800F1E82C /* JYScrollBannerTextTests.m */,
				1FC81A981CA3CDC800F1E82C /* Info.plist */,
			);
			path = JYScrollBannerTextTests;
			sourceTree = "<group>";
		};
		1FC81AA01CA3CDC800F1E82C /* JYScrollBannerTextUITests */ = {
			isa = PBXGroup;
			children = (
				1FC81AA11CA3CDC800F1E82C /* JYScrollBannerTextUITests.m */,
				1FC81AA31CA3CDC800F1E82C /* Info.plist */,
			);
			path = JYScrollBannerTextUITests;
			sourceTree = "<group>";
		};
		1FC81AAF1CA3CE0800F1E82C /* JYScrollBanner */ = {
			isa = PBXGroup;
			children = (
				1FC81AB91CA3CEA800F1E82C /* placeholderImage.jpg */,
				1FC81AF71CA3EDBE00F1E82C /* JYScrollItemModel.h */,
				1FC81AF81CA3EDBE00F1E82C /* JYScrollItemModel.m */,
				1FC81AFD1CA3EED300F1E82C /* JYScrollItem.h */,
				1FC81AFE1CA3EED300F1E82C /* JYScrollItem.m */,
				1FC81AF11CA3ED5D00F1E82C /* JYScrollView.h */,
				1FC81AF21CA3ED5D00F1E82C /* JYScrollView.m */,
			);
			path = JYScrollBanner;
			sourceTree = "<group>";
		};
		1FC81ABF1CA3D5E500F1E82C /* SDWebImage */ = {
			isa = PBXGroup;
			children = (
				1FC81AC01CA3D5E500F1E82C /* MKAnnotationView+WebCache.h */,
				1FC81AC11CA3D5E500F1E82C /* MKAnnotationView+WebCache.m */,
				1FC81AC21CA3D5E500F1E82C /* NSData+ImageContentType.h */,
				1FC81AC31CA3D5E500F1E82C /* NSData+ImageContentType.m */,
				1FC81AC41CA3D5E500F1E82C /* SDImageCache.h */,
				1FC81AC51CA3D5E500F1E82C /* SDImageCache.m */,
				1FC81AC61CA3D5E500F1E82C /* SDWebImageCompat.h */,
				1FC81AC71CA3D5E500F1E82C /* SDWebImageCompat.m */,
				1FC81AC81CA3D5E500F1E82C /* SDWebImageDecoder.h */,
				1FC81AC91CA3D5E500F1E82C /* SDWebImageDecoder.m */,
				1FC81ACA1CA3D5E500F1E82C /* SDWebImageDownloader.h */,
				1FC81ACB1CA3D5E500F1E82C /* SDWebImageDownloader.m */,
				1FC81ACC1CA3D5E500F1E82C /* SDWebImageDownloaderOperation.h */,
				1FC81ACD1CA3D5E500F1E82C /* SDWebImageDownloaderOperation.m */,
				1FC81ACE1CA3D5E500F1E82C /* SDWebImageManager.h */,
				1FC81ACF1CA3D5E500F1E82C /* SDWebImageManager.m */,
				1FC81AD01CA3D5E500F1E82C /* SDWebImageOperation.h */,
				1FC81AD11CA3D5E500F1E82C /* SDWebImagePrefetcher.h */,
				1FC81AD21CA3D5E500F1E82C /* SDWebImagePrefetcher.m */,
				1FC81AD31CA3D5E500F1E82C /* UIButton+WebCache.h */,
				1FC81AD41CA3D5E500F1E82C /* UIButton+WebCache.m */,
				1FC81AD51CA3D5E500F1E82C /* UIImage+GIF.h */,
				1FC81AD61CA3D5E500F1E82C /* UIImage+GIF.m */,
				1FC81AD71CA3D5E500F1E82C /* UIImage+MultiFormat.h */,
				1FC81AD81CA3D5E500F1E82C /* UIImage+MultiFormat.m */,
				1FC81AD91CA3D5E500F1E82C /* UIImage+WebP.h */,
				1FC81ADA1CA3D5E500F1E82C /* UIImage+WebP.m */,
				1FC81ADB1CA3D5E500F1E82C /* UIImageView+HighlightedWebCache.h */,
				1FC81ADC1CA3D5E500F1E82C /* UIImageView+HighlightedWebCache.m */,
				1FC81ADD1CA3D5E500F1E82C /* UIImageView+WebCache.h */,
				1FC81ADE1CA3D5E500F1E82C /* UIImageView+WebCache.m */,
				1FC81ADF1CA3D5E500F1E82C /* UIView+WebCacheOperation.h */,
				1FC81AE01CA3D5E500F1E82C /* UIView+WebCacheOperation.m */,
			);
			path = SDWebImage;
			sourceTree = "<group>";
		};
/* End PBXGroup section */

/* Begin PBXNativeTarget section */
		1FC81A781CA3CDC800F1E82C /* JYScrollBannerText */ = {
			isa = PBXNativeTarget;
			buildConfigurationList = 1FC81AA61CA3CDC800F1E82C /* Build configuration list for PBXNativeTarget "JYScrollBannerText" */;
			buildPhases = (
				1FC81A751CA3CDC800F1E82C /* Sources */,
				1FC81A761CA3CDC800F1E82C /* Frameworks */,
				1FC81A771CA3CDC800F1E82C /* Resources */,
			);
			buildRules = (
			);
			dependencies = (
			);
			name = JYScrollBannerText;
			productName = JYScrollBannerText;
			productReference = 1FC81A791CA3CDC800F1E82C /* JYScrollBannerText.app */;
			productType = "com.apple.product-type.application";
		};
		1FC81A911CA3CDC800F1E82C /* JYScrollBannerTextTests */ = {
			isa = PBXNativeTarget;
			buildConfigurationList = 1FC81AA91CA3CDC800F1E82C /* Build configuration list for PBXNativeTarget "JYScrollBannerTextTests" */;
			buildPhases = (
				1FC81A8E1CA3CDC800F1E82C /* Sources */,
				1FC81A8F1CA3CDC800F1E82C /* Frameworks */,
				1FC81A901CA3CDC800F1E82C /* Resources */,
			);
			buildRules = (
			);
			dependencies = (
				1FC81A941CA3CDC800F1E82C /* PBXTargetDependency */,
			);
			name = JYScrollBannerTextTests;
			productName = JYScrollBannerTextTests;
			productReference = 1FC81A921CA3CDC800F1E82C /* JYScrollBannerTextTests.xctest */;
			productType = "com.apple.product-type.bundle.unit-test";
		};
		1FC81A9C1CA3CDC800F1E82C /* JYScrollBannerTextUITests */ = {
			isa = PBXNativeTarget;
			buildConfigurationList = 1FC81AAC1CA3CDC800F1E82C /* Build configuration list for PBXNativeTarget "JYScrollBannerTextUITests" */;
			buildPhases = (
				1FC81A991CA3CDC800F1E82C /* Sources */,
				1FC81A9A1CA3CDC800F1E82C /* Frameworks */,
				1FC81A9B1CA3CDC800F1E82C /* Resources */,
			);
			buildRules = (
			);
			dependencies = (
				1FC81A9F1CA3CDC800F1E82C /* PBXTargetDependency */,
			);
			name = JYScrollBannerTextUITests;
			productName = JYScrollBannerTextUITests;
			productReference = 1FC81A9D1CA3CDC800F1E82C /* JYScrollBannerTextUITests.xctest */;
			productType = "com.apple.product-type.bundle.ui-testing";
		};
/* End PBXNativeTarget section */

/* Begin PBXProject section */
		1FC81A711CA3CDC800F1E82C /* Project object */ = {
			isa = PBXProject;
			attributes = {
				LastUpgradeCheck = 0730;
				ORGANIZATIONNAME = "李佳育";
				TargetAttributes = {
					1FC81A781CA3CDC800F1E82C = {
						CreatedOnToolsVersion = 7.3;
					};
					1FC81A911CA3CDC800F1E82C = {
						CreatedOnToolsVersion = 7.3;
						TestTargetID = 1FC81A781CA3CDC800F1E82C;
					};
					1FC81A9C1CA3CDC800F1E82C = {
						CreatedOnToolsVersion = 7.3;
						TestTargetID = 1FC81A781CA3CDC800F1E82C;
					};
				};
			};
			buildConfigurationList = 1FC81A741CA3CDC800F1E82C /* Build configuration list for PBXProject "JYScrollBannerText" */;
			compatibilityVersion = "Xcode 3.2";
			developmentRegion = English;
			hasScannedForEncodings = 0;
			knownRegions = (
				en,
				Base,
			);
			mainGroup = 1FC81A701CA3CDC800F1E82C;
			productRefGroup = 1FC81A7A1CA3CDC800F1E82C /* Products */;
			projectDirPath = "";
			projectRoot = "";
			targets = (
				1FC81A781CA3CDC800F1E82C /* JYScrollBannerText */,
				1FC81A911CA3CDC800F1E82C /* JYScrollBannerTextTests */,
				1FC81A9C1CA3CDC800F1E82C /* JYScrollBannerTextUITests */,
			);
		};
/* End PBXProject section */

/* Begin PBXResourcesBuildPhase section */
		1FC81A771CA3CDC800F1E82C /* Resources */ = {
			isa = PBXResourcesBuildPhase;
			buildActionMask = 2147483647;
			files = (
				1FC81A8C1CA3CDC800F1E82C /* LaunchScreen.storyboard in Resources */,
				1FC81ABE1CA3CEA800F1E82C /* placeholderImage.jpg in Resources */,
				1FC81A891CA3CDC800F1E82C /* Assets.xcassets in Resources */,
				1FC81A871CA3CDC800F1E82C /* Main.storyboard in Resources */,
			);
			runOnlyForDeploymentPostprocessing = 0;
		};
		1FC81A901CA3CDC800F1E82C /* Resources */ = {
			isa = PBXResourcesBuildPhase;
			buildActionMask = 2147483647;
			files = (
			);
			runOnlyForDeploymentPostprocessing = 0;
		};
		1FC81A9B1CA3CDC800F1E82C /* Resources */ = {
			isa = PBXResourcesBuildPhase;
			buildActionMask = 2147483647;
			files = (
			);
			runOnlyForDeploymentPostprocessing = 0;
		};
/* End PBXResourcesBuildPhase section */

/* Begin PBXSourcesBuildPhase section */
		1FC81A751CA3CDC800F1E82C /* Sources */ = {
			isa = PBXSourcesBuildPhase;
			buildActionMask = 2147483647;
			files = (
				1FC81AEF1CA3D5E500F1E82C /* UIImageView+WebCache.m in Sources */,
				1FC81AEB1CA3D5E500F1E82C /* UIImage+GIF.m in Sources */,
				1FC81AE41CA3D5E500F1E82C /* SDWebImageCompat.m in Sources */,
				1FC81AEA1CA3D5E500F1E82C /* UIButton+WebCache.m in Sources */,
				1FC81AEC1CA3D5E500F1E82C /* UIImage+MultiFormat.m in Sources */,
				1FC81AE91CA3D5E500F1E82C /* SDWebImagePrefetcher.m in Sources */,
				1FC81AF31CA3ED5D00F1E82C /* JYScrollView.m in Sources */,
				1FC81A841CA3CDC800F1E82C /* ViewController.m in Sources */,
				1FC81AF01CA3D5E500F1E82C /* UIView+WebCacheOperation.m in Sources */,
				1FC81AE11CA3D5E500F1E82C /* MKAnnotationView+WebCache.m in Sources */,
				1FC81AED1CA3D5E500F1E82C /* UIImage+WebP.m in Sources */,
				1FC81AE71CA3D5E500F1E82C /* SDWebImageDownloaderOperation.m in Sources */,
				1FC81AE51CA3D5E500F1E82C /* SDWebImageDecoder.m in Sources */,
				1FC81A811CA3CDC800F1E82C /* AppDelegate.m in Sources */,
				1FC81AEE1CA3D5E500F1E82C /* UIImageView+HighlightedWebCache.m in Sources */,
				1FC81AE21CA3D5E500F1E82C /* NSData+ImageContentType.m in Sources */,
				1FC81AE61CA3D5E500F1E82C /* SDWebImageDownloader.m in Sources */,
				1FC81AFF1CA3EED300F1E82C /* JYScrollItem.m in Sources */,
				1FC81A7E1CA3CDC800F1E82C /* main.m in Sources */,
				1FC81AF91CA3EDBE00F1E82C /* JYScrollItemModel.m in Sources */,
				1FC81AE81CA3D5E500F1E82C /* SDWebImageManager.m in Sources */,
				1FC81AE31CA3D5E500F1E82C /* SDImageCache.m in Sources */,
			);
			runOnlyForDeploymentPostprocessing = 0;
		};
		1FC81A8E1CA3CDC800F1E82C /* Sources */ = {
			isa = PBXSourcesBuildPhase;
			buildActionMask = 2147483647;
			files = (
				1FC81A971CA3CDC800F1E82C /* JYScrollBannerTextTests.m in Sources */,
			);
			runOnlyForDeploymentPostprocessing = 0;
		};
		1FC81A991CA3CDC800F1E82C /* Sources */ = {
			isa = PBXSourcesBuildPhase;
			buildActionMask = 2147483647;
			files = (
				1FC81AA21CA3CDC800F1E82C /* JYScrollBannerTextUITests.m in Sources */,
			);
			runOnlyForDeploymentPostprocessing = 0;
		};
/* End PBXSourcesBuildPhase section */

/* Begin PBXTargetDependency section */
		1FC81A941CA3CDC800F1E82C /* PBXTargetDependency */ = {
			isa = PBXTargetDependency;
			target = 1FC81A781CA3CDC800F1E82C /* JYScrollBannerText */;
			targetProxy = 1FC81A931CA3CDC800F1E82C /* PBXContainerItemProxy */;
		};
		1FC81A9F1CA3CDC800F1E82C /* PBXTargetDependency */ = {
			isa = PBXTargetDependency;
			target = 1FC81A781CA3CDC800F1E82C /* JYScrollBannerText */;
			targetProxy = 1FC81A9E1CA3CDC800F1E82C /* PBXContainerItemProxy */;
		};
/* End PBXTargetDependency section */

/* Begin PBXVariantGroup section */
		1FC81A851CA3CDC800F1E82C /* Main.storyboard */ = {
			isa = PBXVariantGroup;
			children = (
				1FC81A861CA3CDC800F1E82C /* Base */,
			);
			name = Main.storyboard;
			sourceTree = "<group>";
		};
		1FC81A8A1CA3CDC800F1E82C /* LaunchScreen.storyboard */ = {
			isa = PBXVariantGroup;
			children = (
				1FC81A8B1CA3CDC800F1E82C /* Base */,
			);
			name = LaunchScreen.storyboard;
			sourceTree = "<group>";
		};
/* End PBXVariantGroup section */

/* Begin XCBuildConfiguration section */
		1FC81AA41CA3CDC800F1E82C /* Debug */ = {
			isa = XCBuildConfiguration;
			buildSettings = {
				ALWAYS_SEARCH_USER_PATHS = NO;
				CLANG_ANALYZER_NONNULL = YES;
				CLANG_CXX_LANGUAGE_STANDARD = "gnu++0x";
				CLANG_CXX_LIBRARY = "libc++";
				CLANG_ENABLE_MODULES = YES;
				CLANG_ENABLE_OBJC_ARC = YES;
				CLANG_WARN_BOOL_CONVERSION = YES;
				CLANG_WARN_CONSTANT_CONVERSION = YES;
				CLANG_WARN_DIRECT_OBJC_ISA_USAGE = YES_ERROR;
				CLANG_WARN_EMPTY_BODY = YES;
				CLANG_WARN_ENUM_CONVERSION = YES;
				CLANG_WARN_INT_CONVERSION = YES;
				CLANG_WARN_OBJC_ROOT_CLASS = YES_ERROR;
				CLANG_WARN_UNREACHABLE_CODE = YES;
				CLANG_WARN__DUPLICATE_METHOD_MATCH = YES;
				"CODE_SIGN_IDENTITY[sdk=iphoneos*]" = "iPhone Developer";
				COPY_PHASE_STRIP = NO;
				DEBUG_INFORMATION_FORMAT = dwarf;
				ENABLE_STRICT_OBJC_MSGSEND = YES;
				ENABLE_TESTABILITY = YES;
				GCC_C_LANGUAGE_STANDARD = gnu99;
				GCC_DYNAMIC_NO_PIC = NO;
				GCC_NO_COMMON_BLOCKS = YES;
				GCC_OPTIMIZATION_LEVEL = 0;
				GCC_PREPROCESSOR_DEFINITIONS = (
					"DEBUG=1",
					"$(inherited)",
				);
				GCC_WARN_64_TO_32_BIT_CONVERSION = YES;
				GCC_WARN_ABOUT_RETURN_TYPE = YES_ERROR;
				GCC_WARN_UNDECLARED_SELECTOR = YES;
				GCC_WARN_UNINITIALIZED_AUTOS = YES_AGGRESSIVE;
				GCC_WARN_UNUSED_FUNCTION = YES;
				GCC_WARN_UNUSED_VARIABLE = YES;
				IPHONEOS_DEPLOYMENT_TARGET = 9.3;
				MTL_ENABLE_DEBUG_INFO = YES;
				ONLY_ACTIVE_ARCH = YES;
				SDKROOT = iphoneos;
				TARGETED_DEVICE_FAMILY = "1,2";
			};
			name = Debug;
		};
		1FC81AA51CA3CDC800F1E82C /* Release */ = {
			isa = XCBuildConfiguration;
			buildSettings = {
				ALWAYS_SEARCH_USER_PATHS = NO;
				CLANG_ANALYZER_NONNULL = YES;
				CLANG_CXX_LANGUAGE_STANDARD = "gnu++0x";
				CLANG_CXX_LIBRARY = "libc++";
				CLANG_ENABLE_MODULES = YES;
				CLANG_ENABLE_OBJC_ARC = YES;
				CLANG_WARN_BOOL_CONVERSION = YES;
				CLANG_WARN_CONSTANT_CONVERSION = YES;
				CLANG_WARN_DIRECT_OBJC_ISA_USAGE = YES_ERROR;
				CLANG_WARN_EMPTY_BODY = YES;
				CLANG_WARN_ENUM_CONVERSION = YES;
				CLANG_WARN_INT_CONVERSION = YES;
				CLANG_WARN_OBJC_ROOT_CLASS = YES_ERROR;
				CLANG_WARN_UNREACHABLE_CODE = YES;
				CLANG_WARN__DUPLICATE_METHOD_MATCH = YES;
				"CODE_SIGN_IDENTITY[sdk=iphoneos*]" = "iPhone Developer";
				COPY_PHASE_STRIP = NO;
				DEBUG_INFORMATION_FORMAT = "dwarf-with-dsym";
				ENABLE_NS_ASSERTIONS = NO;
				ENABLE_STRICT_OBJC_MSGSEND = YES;
				GCC_C_LANGUAGE_STANDARD = gnu99;
				GCC_NO_COMMON_BLOCKS = YES;
				GCC_WARN_64_TO_32_BIT_CONVERSION = YES;
				GCC_WARN_ABOUT_RETURN_TYPE = YES_ERROR;
				GCC_WARN_UNDECLARED_SELECTOR = YES;
				GCC_WARN_UNINITIALIZED_AUTOS = YES_AGGRESSIVE;
				GCC_WARN_UNUSED_FUNCTION = YES;
				GCC_WARN_UNUSED_VARIABLE = YES;
				IPHONEOS_DEPLOYMENT_TARGET = 9.3;
				MTL_ENABLE_DEBUG_INFO = NO;
				SDKROOT = iphoneos;
				TARGETED_DEVICE_FAMILY = "1,2";
				VALIDATE_PRODUCT = YES;
			};
			name = Release;
		};
		1FC81AA71CA3CDC800F1E82C /* Debug */ = {
			isa = XCBuildConfiguration;
			buildSettings = {
				ASSETCATALOG_COMPILER_APPICON_NAME = AppIcon;
				INFOPLIST_FILE = JYScrollBannerText/Info.plist;
				LD_RUNPATH_SEARCH_PATHS = "$(inherited) @executable_path/Frameworks";
				PRODUCT_BUNDLE_IDENTIFIER = searchcontroller.note.ljy.JYScrollBannerText;
				PRODUCT_NAME = "$(TARGET_NAME)";
			};
			name = Debug;
		};
		1FC81AA81CA3CDC800F1E82C /* Release */ = {
			isa = XCBuildConfiguration;
			buildSettings = {
				ASSETCATALOG_COMPILER_APPICON_NAME = AppIcon;
				INFOPLIST_FILE = JYScrollBannerText/Info.plist;
				LD_RUNPATH_SEARCH_PATHS = "$(inherited) @executable_path/Frameworks";
				PRODUCT_BUNDLE_IDENTIFIER = searchcontroller.note.ljy.JYScrollBannerText;
				PRODUCT_NAME = "$(TARGET_NAME)";
			};
			name = Release;
		};
		1FC81AAA1CA3CDC800F1E82C /* Debug */ = {
			isa = XCBuildConfiguration;
			buildSettings = {
				BUNDLE_LOADER = "$(TEST_HOST)";
				INFOPLIST_FILE = JYScrollBannerTextTests/Info.plist;
				LD_RUNPATH_SEARCH_PATHS = "$(inherited) @executable_path/Frameworks @loader_path/Frameworks";
				PRODUCT_BUNDLE_IDENTIFIER = searchcontroller.note.ljy.JYScrollBannerTextTests;
				PRODUCT_NAME = "$(TARGET_NAME)";
				TEST_HOST = "$(BUILT_PRODUCTS_DIR)/JYScrollBannerText.app/JYScrollBannerText";
			};
			name = Debug;
		};
		1FC81AAB1CA3CDC800F1E82C /* Release */ = {
			isa = XCBuildConfiguration;
			buildSettings = {
				BUNDLE_LOADER = "$(TEST_HOST)";
				INFOPLIST_FILE = JYScrollBannerTextTests/Info.plist;
				LD_RUNPATH_SEARCH_PATHS = "$(inherited) @executable_path/Frameworks @loader_path/Frameworks";
				PRODUCT_BUNDLE_IDENTIFIER = searchcontroller.note.ljy.JYScrollBannerTextTests;
				PRODUCT_NAME = "$(TARGET_NAME)";
				TEST_HOST = "$(BUILT_PRODUCTS_DIR)/JYScrollBannerText.app/JYScrollBannerText";
			};
			name = Release;
		};
		1FC81AAD1CA3CDC800F1E82C /* Debug */ = {
			isa = XCBuildConfiguration;
			buildSettings = {
				INFOPLIST_FILE = JYScrollBannerTextUITests/Info.plist;
				LD_RUNPATH_SEARCH_PATHS = "$(inherited) @executable_path/Frameworks @loader_path/Frameworks";
				PRODUCT_BUNDLE_IDENTIFIER = searchcontroller.note.ljy.JYScrollBannerTextUITests;
				PRODUCT_NAME = "$(TARGET_NAME)";
				TEST_TARGET_NAME = JYScrollBannerText;
			};
			name = Debug;
		};
		1FC81AAE1CA3CDC800F1E82C /* Release */ = {
			isa = XCBuildConfiguration;
			buildSettings = {
				INFOPLIST_FILE = JYScrollBannerTextUITests/Info.plist;
				LD_RUNPATH_SEARCH_PATHS = "$(inherited) @executable_path/Frameworks @loader_path/Frameworks";
				PRODUCT_BUNDLE_IDENTIFIER = searchcontroller.note.ljy.JYScrollBannerTextUITests;
				PRODUCT_NAME = "$(TARGET_NAME)";
				TEST_TARGET_NAME = JYScrollBannerText;
			};
			name = Release;
		};
/* End XCBuildConfiguration section */

/* Begin XCConfigurationList section */
		1FC81A741CA3CDC800F1E82C /* Build configuration list for PBXProject "JYScrollBannerText" */ = {
			isa = XCConfigurationList;
			buildConfigurations = (
				1FC81AA41CA3CDC800F1E82C /* Debug */,
				1FC81AA51CA3CDC800F1E82C /* Release */,
			);
			defaultConfigurationIsVisible = 0;
			defaultConfigurationName = Release;
		};
		1FC81AA61CA3CDC800F1E82C /* Build configuration list for PBXNativeTarget "JYScrollBannerText" */ = {
			isa = XCConfigurationList;
			buildConfigurations = (
				1FC81AA71CA3CDC800F1E82C /* Debug */,
				1FC81AA81CA3CDC800F1E82C /* Release */,
			);
			defaultConfigurationIsVisible = 0;
			defaultConfigurationName = Release;
		};
		1FC81AA91CA3CDC800F1E82C /* Build configuration list for PBXNativeTarget "JYScrollBannerTextTests" */ = {
			isa = XCConfigurationList;
			buildConfigurations = (
				1FC81AAA1CA3CDC800F1E82C /* Debug */,
				1FC81AAB1CA3CDC800F1E82C /* Release */,
			);
			defaultConfigurationIsVisible = 0;
			defaultConfigurationName = Release;
		};
		1FC81AAC1CA3CDC800F1E82C /* Build configuration list for PBXNativeTarget "JYScrollBannerTextUITests" */ = {
			isa = XCConfigurationList;
			buildConfigurations = (
				1FC81AAD1CA3CDC800F1E82C /* Debug */,
				1FC81AAE1CA3CDC800F1E82C /* Release */,
			);
			defaultConfigurationIsVisible = 0;
			defaultConfigurationName = Release;
		};
/* End XCConfigurationList section */
	};
	rootObject = 1FC81A711CA3CDC800F1E82C /* Project object */;
}
